// !$*UTF8*$!
{
	archiveVersion = 1;
	classes = {
	};
	objectVersion = 56;
	objects = {

/* Begin PBXBuildFile section */
		2524A4D22B564C7E002FF02E /* AddListFormView.swift in Sources */ = {isa = PBXBuildFile; fileRef = 2524A4D12B564C7E002FF02E /* AddListFormView.swift */; };
		2524A4D52B56534A002FF02E /* Color+Codable.swift in Sources */ = {isa = PBXBuildFile; fileRef = 2524A4D42B56534A002FF02E /* Color+Codable.swift */; };
		2540A74E2B5F7823008C985F /* App.swift in Sources */ = {isa = PBXBuildFile; fileRef = 2540A74D2B5F7823008C985F /* App.swift */; };
		256477A02B282B8B00071921 /* EventListItemView.swift in Sources */ = {isa = PBXBuildFile; fileRef = 2564779F2B282B8B00071921 /* EventListItemView.swift */; };
		256477A32B282C6F00071921 /* Duration+Extensions.swift in Sources */ = {isa = PBXBuildFile; fileRef = 256477A22B282C6F00071921 /* Duration+Extensions.swift */; };
		258877AD2B7354AF00B6B587 /* TimeCardView.swift in Sources */ = {isa = PBXBuildFile; fileRef = 258877AC2B7354AF00B6B587 /* TimeCardView.swift */; };
		258877AF2B7362C500B6B587 /* EmptyEventListView.swift in Sources */ = {isa = PBXBuildFile; fileRef = 258877AE2B7362C500B6B587 /* EmptyEventListView.swift */; };
		258911DC2B5786AF00E53017 /* ListHomeView.swift in Sources */ = {isa = PBXBuildFile; fileRef = 258911DB2B5786AF00E53017 /* ListHomeView.swift */; };
		258A7AD92B1EE5A300932112 /* DaySetApp.swift in Sources */ = {isa = PBXBuildFile; fileRef = 258A7AD82B1EE5A300932112 /* DaySetApp.swift */; };
		258A7ADD2B1EE5A300932112 /* Assets.xcassets in Resources */ = {isa = PBXBuildFile; fileRef = 258A7ADC2B1EE5A300932112 /* Assets.xcassets */; };
		258A7AE02B1EE5A300932112 /* Preview Assets.xcassets in Resources */ = {isa = PBXBuildFile; fileRef = 258A7ADF2B1EE5A300932112 /* Preview Assets.xcassets */; };
		258A7AEA2B1EE5A400932112 /* EventListTests.swift in Sources */ = {isa = PBXBuildFile; fileRef = 258A7AE92B1EE5A400932112 /* EventListTests.swift */; };
		258A7AF42B1EE5A400932112 /* DaySetUITests.swift in Sources */ = {isa = PBXBuildFile; fileRef = 258A7AF32B1EE5A400932112 /* DaySetUITests.swift */; };
		258A7AF62B1EE5A400932112 /* DaySetUITestsLaunchTests.swift in Sources */ = {isa = PBXBuildFile; fileRef = 258A7AF52B1EE5A400932112 /* DaySetUITestsLaunchTests.swift */; };
		258A7B032B1EE5F300932112 /* Models.swift in Sources */ = {isa = PBXBuildFile; fileRef = 258A7B022B1EE5F300932112 /* Models.swift */; };
		258A7B052B1EE60E00932112 /* EventList.swift in Sources */ = {isa = PBXBuildFile; fileRef = 258A7B042B1EE60E00932112 /* EventList.swift */; };
		258A7B072B1EE63100932112 /* EventForm.swift in Sources */ = {isa = PBXBuildFile; fileRef = 258A7B062B1EE63100932112 /* EventForm.swift */; };
		258A7B0A2B1EE65100932112 /* ComposableArchitecture in Frameworks */ = {isa = PBXBuildFile; productRef = 258A7B092B1EE65100932112 /* ComposableArchitecture */; };
/* End PBXBuildFile section */

/* Begin PBXContainerItemProxy section */
		258A7AE62B1EE5A400932112 /* PBXContainerItemProxy */ = {
			isa = PBXContainerItemProxy;
			containerPortal = 258A7ACD2B1EE5A300932112 /* Project object */;
			proxyType = 1;
			remoteGlobalIDString = 258A7AD42B1EE5A300932112;
			remoteInfo = DaySet;
		};
		258A7AF02B1EE5A400932112 /* PBXContainerItemProxy */ = {
			isa = PBXContainerItemProxy;
			containerPortal = 258A7ACD2B1EE5A300932112 /* Project object */;
			proxyType = 1;
			remoteGlobalIDString = 258A7AD42B1EE5A300932112;
			remoteInfo = DaySet;
		};
/* End PBXContainerItemProxy section */

/* Begin PBXFileReference section */
		2524A4D12B564C7E002FF02E /* AddListFormView.swift */ = {isa = PBXFileReference; lastKnownFileType = sourcecode.swift; path = AddListFormView.swift; sourceTree = "<group>"; };
		2524A4D42B56534A002FF02E /* Color+Codable.swift */ = {isa = PBXFileReference; lastKnownFileType = sourcecode.swift; path = "Color+Codable.swift"; sourceTree = "<group>"; };
		2540A74D2B5F7823008C985F /* App.swift */ = {isa = PBXFileReference; lastKnownFileType = sourcecode.swift; path = App.swift; sourceTree = "<group>"; };
		2564779F2B282B8B00071921 /* EventListItemView.swift */ = {isa = PBXFileReference; lastKnownFileType = sourcecode.swift; path = EventListItemView.swift; sourceTree = "<group>"; };
		256477A22B282C6F00071921 /* Duration+Extensions.swift */ = {isa = PBXFileReference; lastKnownFileType = sourcecode.swift; path = "Duration+Extensions.swift"; sourceTree = "<group>"; };
		258877AC2B7354AF00B6B587 /* TimeCardView.swift */ = {isa = PBXFileReference; lastKnownFileType = sourcecode.swift; path = TimeCardView.swift; sourceTree = "<group>"; };
		258877AE2B7362C500B6B587 /* EmptyEventListView.swift */ = {isa = PBXFileReference; lastKnownFileType = sourcecode.swift; path = EmptyEventListView.swift; sourceTree = "<group>"; };
		258911DB2B5786AF00E53017 /* ListHomeView.swift */ = {isa = PBXFileReference; lastKnownFileType = sourcecode.swift; path = ListHomeView.swift; sourceTree = "<group>"; };
		258A7AD52B1EE5A300932112 /* DaySet.app */ = {isa = PBXFileReference; explicitFileType = wrapper.application; includeInIndex = 0; path = DaySet.app; sourceTree = BUILT_PRODUCTS_DIR; };
		258A7AD82B1EE5A300932112 /* DaySetApp.swift */ = {isa = PBXFileReference; lastKnownFileType = sourcecode.swift; path = DaySetApp.swift; sourceTree = "<group>"; };
		258A7ADC2B1EE5A300932112 /* Assets.xcassets */ = {isa = PBXFileReference; lastKnownFileType = folder.assetcatalog; path = Assets.xcassets; sourceTree = "<group>"; };
		258A7ADF2B1EE5A300932112 /* Preview Assets.xcassets */ = {isa = PBXFileReference; lastKnownFileType = folder.assetcatalog; path = "Preview Assets.xcassets"; sourceTree = "<group>"; };
		258A7AE52B1EE5A400932112 /* DaySetTests.xctest */ = {isa = PBXFileReference; explicitFileType = wrapper.cfbundle; includeInIndex = 0; path = DaySetTests.xctest; sourceTree = BUILT_PRODUCTS_DIR; };
		258A7AE92B1EE5A400932112 /* EventListTests.swift */ = {isa = PBXFileReference; lastKnownFileType = sourcecode.swift; path = EventListTests.swift; sourceTree = "<group>"; };
		258A7AEF2B1EE5A400932112 /* DaySetUITests.xctest */ = {isa = PBXFileReference; explicitFileType = wrapper.cfbundle; includeInIndex = 0; path = DaySetUITests.xctest; sourceTree = BUILT_PRODUCTS_DIR; };
		258A7AF32B1EE5A400932112 /* DaySetUITests.swift */ = {isa = PBXFileReference; lastKnownFileType = sourcecode.swift; path = DaySetUITests.swift; sourceTree = "<group>"; };
		258A7AF52B1EE5A400932112 /* DaySetUITestsLaunchTests.swift */ = {isa = PBXFileReference; lastKnownFileType = sourcecode.swift; path = DaySetUITestsLaunchTests.swift; sourceTree = "<group>"; };
		258A7B022B1EE5F300932112 /* Models.swift */ = {isa = PBXFileReference; lastKnownFileType = sourcecode.swift; path = Models.swift; sourceTree = "<group>"; };
		258A7B042B1EE60E00932112 /* EventList.swift */ = {isa = PBXFileReference; lastKnownFileType = sourcecode.swift; path = EventList.swift; sourceTree = "<group>"; };
		258A7B062B1EE63100932112 /* EventForm.swift */ = {isa = PBXFileReference; lastKnownFileType = sourcecode.swift; path = EventForm.swift; sourceTree = "<group>"; };
/* End PBXFileReference section */

/* Begin PBXFrameworksBuildPhase section */
		258A7AD22B1EE5A300932112 /* Frameworks */ = {
			isa = PBXFrameworksBuildPhase;
			buildActionMask = 2147483647;
			files = (
				258A7B0A2B1EE65100932112 /* ComposableArchitecture in Frameworks */,
			);
			runOnlyForDeploymentPostprocessing = 0;
		};
		258A7AE22B1EE5A400932112 /* Frameworks */ = {
			isa = PBXFrameworksBuildPhase;
			buildActionMask = 2147483647;
			files = (
			);
			runOnlyForDeploymentPostprocessing = 0;
		};
		258A7AEC2B1EE5A400932112 /* Frameworks */ = {
			isa = PBXFrameworksBuildPhase;
			buildActionMask = 2147483647;
			files = (
			);
			runOnlyForDeploymentPostprocessing = 0;
		};
/* End PBXFrameworksBuildPhase section */

/* Begin PBXGroup section */
		2524A4D32B565329002FF02E /* Extensions */ = {
			isa = PBXGroup;
			children = (
				2524A4D42B56534A002FF02E /* Color+Codable.swift */,
			);
			path = Extensions;
			sourceTree = "<group>";
		};
		256477A12B282C3C00071921 /* Helpers */ = {
			isa = PBXGroup;
			children = (
				256477A22B282C6F00071921 /* Duration+Extensions.swift */,
			);
			path = Helpers;
			sourceTree = "<group>";
		};
		258A7ACC2B1EE5A300932112 = {
			isa = PBXGroup;
			children = (
				258A7AD72B1EE5A300932112 /* DaySet */,
				258A7AE82B1EE5A400932112 /* DaySetTests */,
				258A7AF22B1EE5A400932112 /* DaySetUITests */,
				258A7AD62B1EE5A300932112 /* Products */,
			);
			sourceTree = "<group>";
		};
		258A7AD62B1EE5A300932112 /* Products */ = {
			isa = PBXGroup;
			children = (
				258A7AD52B1EE5A300932112 /* DaySet.app */,
				258A7AE52B1EE5A400932112 /* DaySetTests.xctest */,
				258A7AEF2B1EE5A400932112 /* DaySetUITests.xctest */,
			);
			name = Products;
			sourceTree = "<group>";
		};
		258A7AD72B1EE5A300932112 /* DaySet */ = {
			isa = PBXGroup;
			children = (
				258A7ADC2B1EE5A300932112 /* Assets.xcassets */,
				2524A4D12B564C7E002FF02E /* AddListFormView.swift */,
				2564779F2B282B8B00071921 /* EventListItemView.swift */,
				258A7AD82B1EE5A300932112 /* DaySetApp.swift */,
				258A7B062B1EE63100932112 /* EventForm.swift */,
				2540A74D2B5F7823008C985F /* App.swift */,
				258A7B042B1EE60E00932112 /* EventList.swift */,
				258877AC2B7354AF00B6B587 /* TimeCardView.swift */,
				258877AE2B7362C500B6B587 /* EmptyEventListView.swift */,
				2524A4D32B565329002FF02E /* Extensions */,
				256477A12B282C3C00071921 /* Helpers */,
				258911DB2B5786AF00E53017 /* ListHomeView.swift */,
				258A7B022B1EE5F300932112 /* Models.swift */,
				258A7ADE2B1EE5A300932112 /* Preview Content */,
			);
			path = DaySet;
			sourceTree = "<group>";
		};
		258A7ADE2B1EE5A300932112 /* Preview Content */ = {
			isa = PBXGroup;
			children = (
				258A7ADF2B1EE5A300932112 /* Preview Assets.xcassets */,
			);
			path = "Preview Content";
			sourceTree = "<group>";
		};
		258A7AE82B1EE5A400932112 /* DaySetTests */ = {
			isa = PBXGroup;
			children = (
				258A7AE92B1EE5A400932112 /* EventListTests.swift */,
			);
			path = DaySetTests;
			sourceTree = "<group>";
		};
		258A7AF22B1EE5A400932112 /* DaySetUITests */ = {
			isa = PBXGroup;
			children = (
				258A7AF32B1EE5A400932112 /* DaySetUITests.swift */,
				258A7AF52B1EE5A400932112 /* DaySetUITestsLaunchTests.swift */,
			);
			path = DaySetUITests;
			sourceTree = "<group>";
		};
/* End PBXGroup section */

/* Begin PBXNativeTarget section */
		258A7AD42B1EE5A300932112 /* DaySet */ = {
			isa = PBXNativeTarget;
			buildConfigurationList = 258A7AF92B1EE5A400932112 /* Build configuration list for PBXNativeTarget "DaySet" */;
			buildPhases = (
				258A7AD12B1EE5A300932112 /* Sources */,
				258A7AD22B1EE5A300932112 /* Frameworks */,
				258A7AD32B1EE5A300932112 /* Resources */,
			);
			buildRules = (
			);
			dependencies = (
			);
			name = DaySet;
			packageProductDependencies = (
				258A7B092B1EE65100932112 /* ComposableArchitecture */,
			);
			productName = DaySet;
			productReference = 258A7AD52B1EE5A300932112 /* DaySet.app */;
			productType = "com.apple.product-type.application";
		};
		258A7AE42B1EE5A400932112 /* DaySetTests */ = {
			isa = PBXNativeTarget;
			buildConfigurationList = 258A7AFC2B1EE5A400932112 /* Build configuration list for PBXNativeTarget "DaySetTests" */;
			buildPhases = (
				258A7AE12B1EE5A400932112 /* Sources */,
				258A7AE22B1EE5A400932112 /* Frameworks */,
				258A7AE32B1EE5A400932112 /* Resources */,
			);
			buildRules = (
			);
			dependencies = (
				258A7AE72B1EE5A400932112 /* PBXTargetDependency */,
			);
			name = DaySetTests;
			productName = DaySetTests;
			productReference = 258A7AE52B1EE5A400932112 /* DaySetTests.xctest */;
			productType = "com.apple.product-type.bundle.unit-test";
		};
		258A7AEE2B1EE5A400932112 /* DaySetUITests */ = {
			isa = PBXNativeTarget;
			buildConfigurationList = 258A7AFF2B1EE5A400932112 /* Build configuration list for PBXNativeTarget "DaySetUITests" */;
			buildPhases = (
				258A7AEB2B1EE5A400932112 /* Sources */,
				258A7AEC2B1EE5A400932112 /* Frameworks */,
				258A7AED2B1EE5A400932112 /* Resources */,
			);
			buildRules = (
			);
			dependencies = (
				258A7AF12B1EE5A400932112 /* PBXTargetDependency */,
			);
			name = DaySetUITests;
			productName = DaySetUITests;
			productReference = 258A7AEF2B1EE5A400932112 /* DaySetUITests.xctest */;
			productType = "com.apple.product-type.bundle.ui-testing";
		};
/* End PBXNativeTarget section */

/* Begin PBXProject section */
		258A7ACD2B1EE5A300932112 /* Project object */ = {
			isa = PBXProject;
			attributes = {
				BuildIndependentTargetsInParallel = 1;
				LastSwiftUpdateCheck = 1500;
				LastUpgradeCheck = 1500;
				TargetAttributes = {
					258A7AD42B1EE5A300932112 = {
						CreatedOnToolsVersion = 15.0;
					};
					258A7AE42B1EE5A400932112 = {
						CreatedOnToolsVersion = 15.0;
						TestTargetID = 258A7AD42B1EE5A300932112;
					};
					258A7AEE2B1EE5A400932112 = {
						CreatedOnToolsVersion = 15.0;
						TestTargetID = 258A7AD42B1EE5A300932112;
					};
				};
			};
			buildConfigurationList = 258A7AD02B1EE5A300932112 /* Build configuration list for PBXProject "DaySet" */;
			compatibilityVersion = "Xcode 14.0";
			developmentRegion = en;
			hasScannedForEncodings = 0;
			knownRegions = (
				en,
				Base,
			);
			mainGroup = 258A7ACC2B1EE5A300932112;
			packageReferences = (
				258A7B082B1EE65100932112 /* XCRemoteSwiftPackageReference "swift-composable-architecture" */,
			);
			productRefGroup = 258A7AD62B1EE5A300932112 /* Products */;
			projectDirPath = "";
			projectRoot = "";
			targets = (
				258A7AD42B1EE5A300932112 /* DaySet */,
				258A7AE42B1EE5A400932112 /* DaySetTests */,
				258A7AEE2B1EE5A400932112 /* DaySetUITests */,
			);
		};
/* End PBXProject section */

/* Begin PBXResourcesBuildPhase section */
		258A7AD32B1EE5A300932112 /* Resources */ = {
			isa = PBXResourcesBuildPhase;
			buildActionMask = 2147483647;
			files = (
				258A7AE02B1EE5A300932112 /* Preview Assets.xcassets in Resources */,
				258A7ADD2B1EE5A300932112 /* Assets.xcassets in Resources */,
			);
			runOnlyForDeploymentPostprocessing = 0;
		};
		258A7AE32B1EE5A400932112 /* Resources */ = {
			isa = PBXResourcesBuildPhase;
			buildActionMask = 2147483647;
			files = (
			);
			runOnlyForDeploymentPostprocessing = 0;
		};
		258A7AED2B1EE5A400932112 /* Resources */ = {
			isa = PBXResourcesBuildPhase;
			buildActionMask = 2147483647;
			files = (
			);
			runOnlyForDeploymentPostprocessing = 0;
		};
/* End PBXResourcesBuildPhase section */

/* Begin PBXSourcesBuildPhase section */
		258A7AD12B1EE5A300932112 /* Sources */ = {
			isa = PBXSourcesBuildPhase;
			buildActionMask = 2147483647;
			files = (
				258A7B052B1EE60E00932112 /* EventList.swift in Sources */,
				256477A32B282C6F00071921 /* Duration+Extensions.swift in Sources */,
				258911DC2B5786AF00E53017 /* ListHomeView.swift in Sources */,
				2540A74E2B5F7823008C985F /* App.swift in Sources */,
				258A7B072B1EE63100932112 /* EventForm.swift in Sources */,
				258A7B032B1EE5F300932112 /* Models.swift in Sources */,
				2524A4D22B564C7E002FF02E /* AddListFormView.swift in Sources */,
				256477A02B282B8B00071921 /* EventListItemView.swift in Sources */,
				258877AD2B7354AF00B6B587 /* TimeCardView.swift in Sources */,
				2524A4D52B56534A002FF02E /* Color+Codable.swift in Sources */,
				258A7AD92B1EE5A300932112 /* DaySetApp.swift in Sources */,
				258877AF2B7362C500B6B587 /* EmptyEventListView.swift in Sources */,
			);
			runOnlyForDeploymentPostprocessing = 0;
		};
		258A7AE12B1EE5A400932112 /* Sources */ = {
			isa = PBXSourcesBuildPhase;
			buildActionMask = 2147483647;
			files = (
				258A7AEA2B1EE5A400932112 /* EventListTests.swift in Sources */,
			);
			runOnlyForDeploymentPostprocessing = 0;
		};
		258A7AEB2B1EE5A400932112 /* Sources */ = {
			isa = PBXSourcesBuildPhase;
			buildActionMask = 2147483647;
			files = (
				258A7AF62B1EE5A400932112 /* DaySetUITestsLaunchTests.swift in Sources */,
				258A7AF42B1EE5A400932112 /* DaySetUITests.swift in Sources */,
			);
			runOnlyForDeploymentPostprocessing = 0;
		};
/* End PBXSourcesBuildPhase section */

/* Begin PBXTargetDependency section */
		258A7AE72B1EE5A400932112 /* PBXTargetDependency */ = {
			isa = PBXTargetDependency;
			target = 258A7AD42B1EE5A300932112 /* DaySet */;
			targetProxy = 258A7AE62B1EE5A400932112 /* PBXContainerItemProxy */;
		};
		258A7AF12B1EE5A400932112 /* PBXTargetDependency */ = {
			isa = PBXTargetDependency;
			target = 258A7AD42B1EE5A300932112 /* DaySet */;
			targetProxy = 258A7AF02B1EE5A400932112 /* PBXContainerItemProxy */;
		};
/* End PBXTargetDependency section */

/* Begin XCBuildConfiguration section */
		258A7AF72B1EE5A400932112 /* Debug */ = {
			isa = XCBuildConfiguration;
			buildSettings = {
				ALWAYS_SEARCH_USER_PATHS = NO;
				ASSETCATALOG_COMPILER_GENERATE_SWIFT_ASSET_SYMBOL_EXTENSIONS = YES;
				CLANG_ANALYZER_NONNULL = YES;
				CLANG_ANALYZER_NUMBER_OBJECT_CONVERSION = YES_AGGRESSIVE;
				CLANG_CXX_LANGUAGE_STANDARD = "gnu++20";
				CLANG_ENABLE_MODULES = YES;
				CLANG_ENABLE_OBJC_ARC = YES;
				CLANG_ENABLE_OBJC_WEAK = YES;
				CLANG_WARN_BLOCK_CAPTURE_AUTORELEASING = YES;
				CLANG_WARN_BOOL_CONVERSION = YES;
				CLANG_WARN_COMMA = YES;
				CLANG_WARN_CONSTANT_CONVERSION = YES;
				CLANG_WARN_DEPRECATED_OBJC_IMPLEMENTATIONS = YES;
				CLANG_WARN_DIRECT_OBJC_ISA_USAGE = YES_ERROR;
				CLANG_WARN_DOCUMENTATION_COMMENTS = YES;
				CLANG_WARN_EMPTY_BODY = YES;
				CLANG_WARN_ENUM_CONVERSION = YES;
				CLANG_WARN_INFINITE_RECURSION = YES;
				CLANG_WARN_INT_CONVERSION = YES;
				CLANG_WARN_NON_LITERAL_NULL_CONVERSION = YES;
				CLANG_WARN_OBJC_IMPLICIT_RETAIN_SELF = YES;
				CLANG_WARN_OBJC_LITERAL_CONVERSION = YES;
				CLANG_WARN_OBJC_ROOT_CLASS = YES_ERROR;
				CLANG_WARN_QUOTED_INCLUDE_IN_FRAMEWORK_HEADER = YES;
				CLANG_WARN_RANGE_LOOP_ANALYSIS = YES;
				CLANG_WARN_STRICT_PROTOTYPES = YES;
				CLANG_WARN_SUSPICIOUS_MOVE = YES;
				CLANG_WARN_UNGUARDED_AVAILABILITY = YES_AGGRESSIVE;
				CLANG_WARN_UNREACHABLE_CODE = YES;
				CLANG_WARN__DUPLICATE_METHOD_MATCH = YES;
				COPY_PHASE_STRIP = NO;
				DEBUG_INFORMATION_FORMAT = dwarf;
				ENABLE_STRICT_OBJC_MSGSEND = YES;
				ENABLE_TESTABILITY = YES;
				ENABLE_USER_SCRIPT_SANDBOXING = YES;
				GCC_C_LANGUAGE_STANDARD = gnu17;
				GCC_DYNAMIC_NO_PIC = NO;
				GCC_NO_COMMON_BLOCKS = YES;
				GCC_OPTIMIZATION_LEVEL = 0;
				GCC_PREPROCESSOR_DEFINITIONS = (
					"DEBUG=1",
					"$(inherited)",
				);
				GCC_WARN_64_TO_32_BIT_CONVERSION = YES;
				GCC_WARN_ABOUT_RETURN_TYPE = YES_ERROR;
				GCC_WARN_UNDECLARED_SELECTOR = YES;
				GCC_WARN_UNINITIALIZED_AUTOS = YES_AGGRESSIVE;
				GCC_WARN_UNUSED_FUNCTION = YES;
				GCC_WARN_UNUSED_VARIABLE = YES;
				IPHONEOS_DEPLOYMENT_TARGET = 17.0;
				LOCALIZATION_PREFERS_STRING_CATALOGS = YES;
				MTL_ENABLE_DEBUG_INFO = INCLUDE_SOURCE;
				MTL_FAST_MATH = YES;
				ONLY_ACTIVE_ARCH = YES;
				SDKROOT = iphoneos;
				SWIFT_ACTIVE_COMPILATION_CONDITIONS = "DEBUG $(inherited)";
				SWIFT_OPTIMIZATION_LEVEL = "-Onone";
				SWIFT_STRICT_CONCURRENCY = complete;
			};
			name = Debug;
		};
		258A7AF82B1EE5A400932112 /* Release */ = {
			isa = XCBuildConfiguration;
			buildSettings = {
				ALWAYS_SEARCH_USER_PATHS = NO;
				ASSETCATALOG_COMPILER_GENERATE_SWIFT_ASSET_SYMBOL_EXTENSIONS = YES;
				CLANG_ANALYZER_NONNULL = YES;
				CLANG_ANALYZER_NUMBER_OBJECT_CONVERSION = YES_AGGRESSIVE;
				CLANG_CXX_LANGUAGE_STANDARD = "gnu++20";
				CLANG_ENABLE_MODULES = YES;
				CLANG_ENABLE_OBJC_ARC = YES;
				CLANG_ENABLE_OBJC_WEAK = YES;
				CLANG_WARN_BLOCK_CAPTURE_AUTORELEASING = YES;
				CLANG_WARN_BOOL_CONVERSION = YES;
				CLANG_WARN_COMMA = YES;
				CLANG_WARN_CONSTANT_CONVERSION = YES;
				CLANG_WARN_DEPRECATED_OBJC_IMPLEMENTATIONS = YES;
				CLANG_WARN_DIRECT_OBJC_ISA_USAGE = YES_ERROR;
				CLANG_WARN_DOCUMENTATION_COMMENTS = YES;
				CLANG_WARN_EMPTY_BODY = YES;
				CLANG_WARN_ENUM_CONVERSION = YES;
				CLANG_WARN_INFINITE_RECURSION = YES;
				CLANG_WARN_INT_CONVERSION = YES;
				CLANG_WARN_NON_LITERAL_NULL_CONVERSION = YES;
				CLANG_WARN_OBJC_IMPLICIT_RETAIN_SELF = YES;
				CLANG_WARN_OBJC_LITERAL_CONVERSION = YES;
				CLANG_WARN_OBJC_ROOT_CLASS = YES_ERROR;
				CLANG_WARN_QUOTED_INCLUDE_IN_FRAMEWORK_HEADER = YES;
				CLANG_WARN_RANGE_LOOP_ANALYSIS = YES;
				CLANG_WARN_STRICT_PROTOTYPES = YES;
				CLANG_WARN_SUSPICIOUS_MOVE = YES;
				CLANG_WARN_UNGUARDED_AVAILABILITY = YES_AGGRESSIVE;
				CLANG_WARN_UNREACHABLE_CODE = YES;
				CLANG_WARN__DUPLICATE_METHOD_MATCH = YES;
				COPY_PHASE_STRIP = NO;
				DEBUG_INFORMATION_FORMAT = "dwarf-with-dsym";
				ENABLE_NS_ASSERTIONS = NO;
				ENABLE_STRICT_OBJC_MSGSEND = YES;
				ENABLE_USER_SCRIPT_SANDBOXING = YES;
				GCC_C_LANGUAGE_STANDARD = gnu17;
				GCC_NO_COMMON_BLOCKS = YES;
				GCC_WARN_64_TO_32_BIT_CONVERSION = YES;
				GCC_WARN_ABOUT_RETURN_TYPE = YES_ERROR;
				GCC_WARN_UNDECLARED_SELECTOR = YES;
				GCC_WARN_UNINITIALIZED_AUTOS = YES_AGGRESSIVE;
				GCC_WARN_UNUSED_FUNCTION = YES;
				GCC_WARN_UNUSED_VARIABLE = YES;
				IPHONEOS_DEPLOYMENT_TARGET = 17.0;
				LOCALIZATION_PREFERS_STRING_CATALOGS = YES;
				MTL_ENABLE_DEBUG_INFO = NO;
				MTL_FAST_MATH = YES;
				SDKROOT = iphoneos;
				SWIFT_COMPILATION_MODE = wholemodule;
				SWIFT_STRICT_CONCURRENCY = complete;
				VALIDATE_PRODUCT = YES;
			};
			name = Release;
		};
		258A7AFA2B1EE5A400932112 /* Debug */ = {
			isa = XCBuildConfiguration;
			buildSettings = {
				ASSETCATALOG_COMPILER_APPICON_NAME = AppIcon;
				ASSETCATALOG_COMPILER_GLOBAL_ACCENT_COLOR_NAME = AccentColor;
				CODE_SIGN_STYLE = Automatic;
				CURRENT_PROJECT_VERSION = 1;
				DEVELOPMENT_ASSET_PATHS = "\"DaySet/Preview Content\"";
				DEVELOPMENT_TEAM = 2TPU5ZVRYV;
				ENABLE_PREVIEWS = YES;
				GENERATE_INFOPLIST_FILE = YES;
				INFOPLIST_KEY_UIApplicationSceneManifest_Generation = YES;
				INFOPLIST_KEY_UIApplicationSupportsIndirectInputEvents = YES;
				INFOPLIST_KEY_UILaunchScreen_Generation = YES;
				INFOPLIST_KEY_UISupportedInterfaceOrientations_iPad = "UIInterfaceOrientationPortrait UIInterfaceOrientationPortraitUpsideDown UIInterfaceOrientationLandscapeLeft UIInterfaceOrientationLandscapeRight";
				INFOPLIST_KEY_UISupportedInterfaceOrientations_iPhone = "UIInterfaceOrientationPortrait UIInterfaceOrientationLandscapeLeft UIInterfaceOrientationLandscapeRight";
				LD_RUNPATH_SEARCH_PATHS = (
					"$(inherited)",
					"@executable_path/Frameworks",
				);
				MARKETING_VERSION = 1.0;
				PRODUCT_BUNDLE_IDENTIFIER = daltonturner.DaySet;
				PRODUCT_NAME = "$(TARGET_NAME)";
				SWIFT_EMIT_LOC_STRINGS = YES;
				SWIFT_VERSION = 5.0;
				TARGETED_DEVICE_FAMILY = "1,2";
			};
			name = Debug;
		};
		258A7AFB2B1EE5A400932112 /* Release */ = {
			isa = XCBuildConfiguration;
			buildSettings = {
				ASSETCATALOG_COMPILER_APPICON_NAME = AppIcon;
				ASSETCATALOG_COMPILER_GLOBAL_ACCENT_COLOR_NAME = AccentColor;
				CODE_SIGN_STYLE = Automatic;
				CURRENT_PROJECT_VERSION = 1;
				DEVELOPMENT_ASSET_PATHS = "\"DaySet/Preview Content\"";
				DEVELOPMENT_TEAM = 2TPU5ZVRYV;
				ENABLE_PREVIEWS = YES;
				GENERATE_INFOPLIST_FILE = YES;
				INFOPLIST_KEY_UIApplicationSceneManifest_Generation = YES;
				INFOPLIST_KEY_UIApplicationSupportsIndirectInputEvents = YES;
				INFOPLIST_KEY_UILaunchScreen_Generation = YES;
				INFOPLIST_KEY_UISupportedInterfaceOrientations_iPad = "UIInterfaceOrientationPortrait UIInterfaceOrientationPortraitUpsideDown UIInterfaceOrientationLandscapeLeft UIInterfaceOrientationLandscapeRight";
				INFOPLIST_KEY_UISupportedInterfaceOrientations_iPhone = "UIInterfaceOrientationPortrait UIInterfaceOrientationLandscapeLeft UIInterfaceOrientationLandscapeRight";
				LD_RUNPATH_SEARCH_PATHS = (
					"$(inherited)",
					"@executable_path/Frameworks",
				);
				MARKETING_VERSION = 1.0;
				PRODUCT_BUNDLE_IDENTIFIER = daltonturner.DaySet;
				PRODUCT_NAME = "$(TARGET_NAME)";
				SWIFT_EMIT_LOC_STRINGS = YES;
				SWIFT_VERSION = 5.0;
				TARGETED_DEVICE_FAMILY = "1,2";
			};
			name = Release;
		};
		258A7AFD2B1EE5A400932112 /* Debug */ = {
			isa = XCBuildConfiguration;
			buildSettings = {
				ALWAYS_EMBED_SWIFT_STANDARD_LIBRARIES = YES;
				BUNDLE_LOADER = "$(TEST_HOST)";
				CODE_SIGN_STYLE = Automatic;
				CURRENT_PROJECT_VERSION = 1;
				DEVELOPMENT_TEAM = 2TPU5ZVRYV;
				GENERATE_INFOPLIST_FILE = YES;
				IPHONEOS_DEPLOYMENT_TARGET = 17.0;
				MARKETING_VERSION = 1.0;
				PRODUCT_BUNDLE_IDENTIFIER = daltonturner.DaySetTests;
				PRODUCT_NAME = "$(TARGET_NAME)";
				SWIFT_EMIT_LOC_STRINGS = NO;
				SWIFT_VERSION = 5.0;
				TARGETED_DEVICE_FAMILY = "1,2";
				TEST_HOST = "$(BUILT_PRODUCTS_DIR)/DaySet.app/$(BUNDLE_EXECUTABLE_FOLDER_PATH)/DaySet";
			};
			name = Debug;
		};
		258A7AFE2B1EE5A400932112 /* Release */ = {
			isa = XCBuildConfiguration;
			buildSettings = {
				ALWAYS_EMBED_SWIFT_STANDARD_LIBRARIES = YES;
				BUNDLE_LOADER = "$(TEST_HOST)";
				CODE_SIGN_STYLE = Automatic;
				CURRENT_PROJECT_VERSION = 1;
				DEVELOPMENT_TEAM = 2TPU5ZVRYV;
				GENERATE_INFOPLIST_FILE = YES;
				IPHONEOS_DEPLOYMENT_TARGET = 17.0;
				MARKETING_VERSION = 1.0;
				PRODUCT_BUNDLE_IDENTIFIER = daltonturner.DaySetTests;
				PRODUCT_NAME = "$(TARGET_NAME)";
				SWIFT_EMIT_LOC_STRINGS = NO;
				SWIFT_VERSION = 5.0;
				TARGETED_DEVICE_FAMILY = "1,2";
				TEST_HOST = "$(BUILT_PRODUCTS_DIR)/DaySet.app/$(BUNDLE_EXECUTABLE_FOLDER_PATH)/DaySet";
			};
			name = Release;
		};
		258A7B002B1EE5A400932112 /* Debug */ = {
			isa = XCBuildConfiguration;
			buildSettings = {
				ALWAYS_EMBED_SWIFT_STANDARD_LIBRARIES = YES;
				CODE_SIGN_STYLE = Automatic;
				CURRENT_PROJECT_VERSION = 1;
				DEVELOPMENT_TEAM = 2TPU5ZVRYV;
				GENERATE_INFOPLIST_FILE = YES;
				MARKETING_VERSION = 1.0;
				PRODUCT_BUNDLE_IDENTIFIER = daltonturner.DaySetUITests;
				PRODUCT_NAME = "$(TARGET_NAME)";
				SWIFT_EMIT_LOC_STRINGS = NO;
				SWIFT_VERSION = 5.0;
				TARGETED_DEVICE_FAMILY = "1,2";
				TEST_TARGET_NAME = DaySet;
			};
			name = Debug;
		};
		258A7B012B1EE5A400932112 /* Release */ = {
			isa = XCBuildConfiguration;
			buildSettings = {
				ALWAYS_EMBED_SWIFT_STANDARD_LIBRARIES = YES;
				CODE_SIGN_STYLE = Automatic;
				CURRENT_PROJECT_VERSION = 1;
				DEVELOPMENT_TEAM = 2TPU5ZVRYV;
				GENERATE_INFOPLIST_FILE = YES;
				MARKETING_VERSION = 1.0;
				PRODUCT_BUNDLE_IDENTIFIER = daltonturner.DaySetUITests;
				PRODUCT_NAME = "$(TARGET_NAME)";
				SWIFT_EMIT_LOC_STRINGS = NO;
				SWIFT_VERSION = 5.0;
				TARGETED_DEVICE_FAMILY = "1,2";
				TEST_TARGET_NAME = DaySet;
			};
			name = Release;
		};
/* End XCBuildConfiguration section */

/* Begin XCConfigurationList section */
		258A7AD02B1EE5A300932112 /* Build configuration list for PBXProject "DaySet" */ = {
			isa = XCConfigurationList;
			buildConfigurations = (
				258A7AF72B1EE5A400932112 /* Debug */,
				258A7AF82B1EE5A400932112 /* Release */,
			);
			defaultConfigurationIsVisible = 0;
			defaultConfigurationName = Release;
		};
		258A7AF92B1EE5A400932112 /* Build configuration list for PBXNativeTarget "DaySet" */ = {
			isa = XCConfigurationList;
			buildConfigurations = (
				258A7AFA2B1EE5A400932112 /* Debug */,
				258A7AFB2B1EE5A400932112 /* Release */,
			);
			defaultConfigurationIsVisible = 0;
			defaultConfigurationName = Release;
		};
		258A7AFC2B1EE5A400932112 /* Build configuration list for PBXNativeTarget "DaySetTests" */ = {
			isa = XCConfigurationList;
			buildConfigurations = (
				258A7AFD2B1EE5A400932112 /* Debug */,
				258A7AFE2B1EE5A400932112 /* Release */,
			);
			defaultConfigurationIsVisible = 0;
			defaultConfigurationName = Release;
		};
		258A7AFF2B1EE5A400932112 /* Build configuration list for PBXNativeTarget "DaySetUITests" */ = {
			isa = XCConfigurationList;
			buildConfigurations = (
				258A7B002B1EE5A400932112 /* Debug */,
				258A7B012B1EE5A400932112 /* Release */,
			);
			defaultConfigurationIsVisible = 0;
			defaultConfigurationName = Release;
		};
/* End XCConfigurationList section */

/* Begin XCRemoteSwiftPackageReference section */
		258A7B082B1EE65100932112 /* XCRemoteSwiftPackageReference "swift-composable-architecture" */ = {
			isa = XCRemoteSwiftPackageReference;
			repositoryURL = "https://github.com/pointfreeco/swift-composable-architecture";
			requirement = {
				kind = upToNextMajorVersion;
				minimumVersion = 1.5.1;
			};
		};
/* End XCRemoteSwiftPackageReference section */

/* Begin XCSwiftPackageProductDependency section */
		258A7B092B1EE65100932112 /* ComposableArchitecture */ = {
			isa = XCSwiftPackageProductDependency;
			package = 258A7B082B1EE65100932112 /* XCRemoteSwiftPackageReference "swift-composable-architecture" */;
			productName = ComposableArchitecture;
		};
/* End XCSwiftPackageProductDependency section */
	};
	rootObject = 258A7ACD2B1EE5A300932112 /* Project object */;
}
